
Microsoft Visual Studio Solution File, Format Version 12.00
# Visual Studio Version 17
VisualStudioVersion = 17.11.35312.102
MinimumVisualStudioVersion = 10.0.40219.1
Project("{FAE04EC0-301F-11D3-BF4B-00C04F79EFBC}") = "DI.Proyecto.Clase.2024", "DI.Proyecto.Clase.2024\DI.Proyecto.Clase.2024.csproj", "{827B6610-F478-496C-91C3-BE152ED4C5F3}"
EndProject
Global
	GlobalSection(SolutionConfigurationPlatforms) = preSolution
		Debug|Any CPU = Debug|Any CPU
		Release|Any CPU = Release|Any CPU
	EndGlobalSection
	GlobalSection(ProjectConfigurationPlatforms) = postSolution
		{827B6610-F478-496C-91C3-BE152ED4C5F3}.Debug|Any CPU.ActiveCfg = Debug|Any CPU
		{827B6610-F478-496C-91C3-BE152ED4C5F3}.Debug|Any CPU.Build.0 = Debug|Any CPU
		{827B6610-F478-496C-91C3-BE152ED4C5F3}.Release|Any CPU.ActiveCfg = Release|Any CPU
		{827B6610-F478-496C-91C3-BE152ED4C5F3}.Release|Any CPU.Build.0 = Release|Any CPU
	EndGlobalSection
	GlobalSection(SolutionProperties) = preSolution
		HideSolutionNode = FALSE
	EndGlobalSection
	GlobalSection(ExtensibilityGlobals) = postSolution
		SolutionGuid = {F913B555-5665-46CE-9360-5B4994F4834E}
	EndGlobalSection
EndGlobal
